// !$*UTF8*$!
{
	archiveVersion = 1;
	classes = {
	};
	objectVersion = 56;
	objects = {

/* Begin PBXBuildFile section */
		A0EFC0A12BC3EFF100AE5037 /* AppDelegate.swift in Sources */ = {isa = PBXBuildFile; fileRef = A0EFC0A02BC3EFF100AE5037 /* AppDelegate.swift */; };
		A0EFC0A52BC3EFF100AE5037 /* ViewController.swift in Sources */ = {isa = PBXBuildFile; fileRef = A0EFC0A42BC3EFF100AE5037 /* ViewController.swift */; };
		A0EFC0A82BC3EFF100AE5037 /* Base in Resources */ = {isa = PBXBuildFile; fileRef = A0EFC0A72BC3EFF100AE5037 /* Base */; };
		A0EFC0AA2BC3EFF200AE5037 /* Assets.xcassets in Resources */ = {isa = PBXBuildFile; fileRef = A0EFC0A92BC3EFF200AE5037 /* Assets.xcassets */; };
		A0EFC0AD2BC3EFF200AE5037 /* Base in Resources */ = {isa = PBXBuildFile; fileRef = A0EFC0AC2BC3EFF200AE5037 /* Base */; };
		A0EFC0B52BC3F5C200AE5037 /* test_hotdog1.jpg in Resources */ = {isa = PBXBuildFile; fileRef = A0EFC0B42BC3F5C200AE5037 /* test_hotdog1.jpg */; };
		A0EFC0BD2BC3FDC600AE5037 /* ImageViewController.swift in Sources */ = {isa = PBXBuildFile; fileRef = A0EFC0BC2BC3FDC600AE5037 /* ImageViewController.swift */; };
		A0EFC0BF2BC3FFF200AE5037 /* Coordinator.swift in Sources */ = {isa = PBXBuildFile; fileRef = A0EFC0BE2BC3FFF200AE5037 /* Coordinator.swift */; };
		A0EFC0C12BC4007000AE5037 /* StoryboardViewController.swift in Sources */ = {isa = PBXBuildFile; fileRef = A0EFC0C02BC4007000AE5037 /* StoryboardViewController.swift */; };
		A0EFC0C52BC40CA200AE5037 /* StrokedLabel.swift in Sources */ = {isa = PBXBuildFile; fileRef = A0EFC0C42BC40CA200AE5037 /* StrokedLabel.swift */; };
		A0EFC0CB2BC4276700AE5037 /* test_pizza1.jpg in Resources */ = {isa = PBXBuildFile; fileRef = A0EFC0CA2BC4276700AE5037 /* test_pizza1.jpg */; };
		A0EFC0CD2BC4444900AE5037 /* HotdogDetector.mlpackage in Sources */ = {isa = PBXBuildFile; fileRef = A0EFC0CC2BC4444800AE5037 /* HotdogDetector.mlpackage */; };
		A0EFC0D02BC5340300AE5037 /* DetectionFactory.swift in Sources */ = {isa = PBXBuildFile; fileRef = A0EFC0CF2BC5340300AE5037 /* DetectionFactory.swift */; };
		A0EFC0D32BC5377800AE5037 /* test_hotdog2.jpg in Resources */ = {isa = PBXBuildFile; fileRef = A0EFC0D12BC5377800AE5037 /* test_hotdog2.jpg */; };
		A0EFC0D42BC5377800AE5037 /* test_hotdog3.jpg in Resources */ = {isa = PBXBuildFile; fileRef = A0EFC0D22BC5377800AE5037 /* test_hotdog3.jpg */; };
		A0EFC0D62BC691A900AE5037 /* Exp7.mlpackage in Sources */ = {isa = PBXBuildFile; fileRef = A0EFC0D52BC691A800AE5037 /* Exp7.mlpackage */; };
		A0EFC0D82BC691B500AE5037 /* Exp8.mlpackage in Sources */ = {isa = PBXBuildFile; fileRef = A0EFC0D72BC691B500AE5037 /* Exp8.mlpackage */; };
		A0EFC0DA2BC6A4F300AE5037 /* test_pizza2.jpg in Resources */ = {isa = PBXBuildFile; fileRef = A0EFC0D92BC6A4F300AE5037 /* test_pizza2.jpg */; };
		A0EFC0E42BC80D6B00AE5037 /* test_hotdog_and_nothotdog.jpg in Resources */ = {isa = PBXBuildFile; fileRef = A0EFC0E32BC80D6B00AE5037 /* test_hotdog_and_nothotdog.jpg */; };
/* End PBXBuildFile section */

/* Begin PBXFileReference section */
		A0EFC09D2BC3EFF100AE5037 /* HotDog.app */ = {isa = PBXFileReference; explicitFileType = wrapper.application; includeInIndex = 0; path = HotDog.app; sourceTree = BUILT_PRODUCTS_DIR; };
		A0EFC0A02BC3EFF100AE5037 /* AppDelegate.swift */ = {isa = PBXFileReference; lastKnownFileType = sourcecode.swift; path = AppDelegate.swift; sourceTree = "<group>"; };
		A0EFC0A42BC3EFF100AE5037 /* ViewController.swift */ = {isa = PBXFileReference; lastKnownFileType = sourcecode.swift; path = ViewController.swift; sourceTree = "<group>"; };
		A0EFC0A72BC3EFF100AE5037 /* Base */ = {isa = PBXFileReference; lastKnownFileType = file.storyboard; name = Base; path = Base.lproj/Main.storyboard; sourceTree = "<group>"; };
		A0EFC0A92BC3EFF200AE5037 /* Assets.xcassets */ = {isa = PBXFileReference; lastKnownFileType = folder.assetcatalog; path = Assets.xcassets; sourceTree = "<group>"; };
		A0EFC0AC2BC3EFF200AE5037 /* Base */ = {isa = PBXFileReference; lastKnownFileType = file.storyboard; name = Base; path = Base.lproj/LaunchScreen.storyboard; sourceTree = "<group>"; };
		A0EFC0AE2BC3EFF200AE5037 /* Info.plist */ = {isa = PBXFileReference; lastKnownFileType = text.plist.xml; path = Info.plist; sourceTree = "<group>"; };
		A0EFC0B42BC3F5C200AE5037 /* test_hotdog1.jpg */ = {isa = PBXFileReference; lastKnownFileType = image.jpeg; path = test_hotdog1.jpg; sourceTree = "<group>"; };
		A0EFC0BC2BC3FDC600AE5037 /* ImageViewController.swift */ = {isa = PBXFileReference; lastKnownFileType = sourcecode.swift; path = ImageViewController.swift; sourceTree = "<group>"; };
		A0EFC0BE2BC3FFF200AE5037 /* Coordinator.swift */ = {isa = PBXFileReference; lastKnownFileType = sourcecode.swift; path = Coordinator.swift; sourceTree = "<group>"; };
		A0EFC0C02BC4007000AE5037 /* StoryboardViewController.swift */ = {isa = PBXFileReference; lastKnownFileType = sourcecode.swift; path = StoryboardViewController.swift; sourceTree = "<group>"; };
		A0EFC0C42BC40CA200AE5037 /* StrokedLabel.swift */ = {isa = PBXFileReference; lastKnownFileType = sourcecode.swift; path = StrokedLabel.swift; sourceTree = "<group>"; };
		A0EFC0CA2BC4276700AE5037 /* test_pizza1.jpg */ = {isa = PBXFileReference; lastKnownFileType = image.jpeg; path = test_pizza1.jpg; sourceTree = "<group>"; };
		A0EFC0CC2BC4444800AE5037 /* HotdogDetector.mlpackage */ = {isa = PBXFileReference; lastKnownFileType = folder.mlpackage; path = HotdogDetector.mlpackage; sourceTree = "<group>"; };
		A0EFC0CF2BC5340300AE5037 /* DetectionFactory.swift */ = {isa = PBXFileReference; lastKnownFileType = sourcecode.swift; path = DetectionFactory.swift; sourceTree = "<group>"; };
		A0EFC0D12BC5377800AE5037 /* test_hotdog2.jpg */ = {isa = PBXFileReference; lastKnownFileType = image.jpeg; path = test_hotdog2.jpg; sourceTree = "<group>"; };
		A0EFC0D22BC5377800AE5037 /* test_hotdog3.jpg */ = {isa = PBXFileReference; lastKnownFileType = image.jpeg; path = test_hotdog3.jpg; sourceTree = "<group>"; };
		A0EFC0D52BC691A800AE5037 /* Exp7.mlpackage */ = {isa = PBXFileReference; lastKnownFileType = folder.mlpackage; path = Exp7.mlpackage; sourceTree = "<group>"; };
		A0EFC0D72BC691B500AE5037 /* Exp8.mlpackage */ = {isa = PBXFileReference; lastKnownFileType = folder.mlpackage; path = Exp8.mlpackage; sourceTree = "<group>"; };
		A0EFC0D92BC6A4F300AE5037 /* test_pizza2.jpg */ = {isa = PBXFileReference; lastKnownFileType = image.jpeg; path = test_pizza2.jpg; sourceTree = "<group>"; };
		A0EFC0E32BC80D6B00AE5037 /* test_hotdog_and_nothotdog.jpg */ = {isa = PBXFileReference; lastKnownFileType = image.jpeg; path = test_hotdog_and_nothotdog.jpg; sourceTree = "<group>"; };
/* End PBXFileReference section */

/* Begin PBXFrameworksBuildPhase section */
		A0EFC09A2BC3EFF100AE5037 /* Frameworks */ = {
			isa = PBXFrameworksBuildPhase;
			buildActionMask = 2147483647;
			files = (
			);
			runOnlyForDeploymentPostprocessing = 0;
		};
/* End PBXFrameworksBuildPhase section */

/* Begin PBXGroup section */
		A0EFC0942BC3EFF100AE5037 = {
			isa = PBXGroup;
			children = (
				A0EFC09F2BC3EFF100AE5037 /* HotDog */,
				A0EFC09E2BC3EFF100AE5037 /* Products */,
			);
			sourceTree = "<group>";
		};
		A0EFC09E2BC3EFF100AE5037 /* Products */ = {
			isa = PBXGroup;
			children = (
				A0EFC09D2BC3EFF100AE5037 /* HotDog.app */,
			);
			name = Products;
			sourceTree = "<group>";
		};
		A0EFC09F2BC3EFF100AE5037 /* HotDog */ = {
			isa = PBXGroup;
			children = (
				A0EFC0CC2BC4444800AE5037 /* HotdogDetector.mlpackage */,
				A0EFC0D52BC691A800AE5037 /* Exp7.mlpackage */,
				A0EFC0D72BC691B500AE5037 /* Exp8.mlpackage */,
				A0EFC0A02BC3EFF100AE5037 /* AppDelegate.swift */,
				A0EFC0BE2BC3FFF200AE5037 /* Coordinator.swift */,
				A0EFC0A42BC3EFF100AE5037 /* ViewController.swift */,
				A0EFC0BC2BC3FDC600AE5037 /* ImageViewController.swift */,
				A0EFC0CF2BC5340300AE5037 /* DetectionFactory.swift */,
				A0EFC0DC2BC7E7C300AE5037 /* Utilities */,
				A0EFC0A62BC3EFF100AE5037 /* Main.storyboard */,
				A0EFC0B62BC3F5CF00AE5037 /* Images */,
				A0EFC0A92BC3EFF200AE5037 /* Assets.xcassets */,
				A0EFC0AB2BC3EFF200AE5037 /* LaunchScreen.storyboard */,
				A0EFC0AE2BC3EFF200AE5037 /* Info.plist */,
			);
			path = HotDog;
			sourceTree = "<group>";
		};
		A0EFC0B62BC3F5CF00AE5037 /* Images */ = {
			isa = PBXGroup;
			children = (
				A0EFC0D92BC6A4F300AE5037 /* test_pizza2.jpg */,
				A0EFC0CA2BC4276700AE5037 /* test_pizza1.jpg */,
				A0EFC0B42BC3F5C200AE5037 /* test_hotdog1.jpg */,
				A0EFC0D12BC5377800AE5037 /* test_hotdog2.jpg */,
				A0EFC0D22BC5377800AE5037 /* test_hotdog3.jpg */,
				A0EFC0E32BC80D6B00AE5037 /* test_hotdog_and_nothotdog.jpg */,
			);
			path = Images;
			sourceTree = "<group>";
		};
		A0EFC0DC2BC7E7C300AE5037 /* Utilities */ = {
			isa = PBXGroup;
			children = (
				A0EFC0C02BC4007000AE5037 /* StoryboardViewController.swift */,
				A0EFC0C42BC40CA200AE5037 /* StrokedLabel.swift */,
			);
			path = Utilities;
			sourceTree = "<group>";
		};
/* End PBXGroup section */

/* Begin PBXNativeTarget section */
		A0EFC09C2BC3EFF100AE5037 /* HotDog */ = {
			isa = PBXNativeTarget;
			buildConfigurationList = A0EFC0B12BC3EFF200AE5037 /* Build configuration list for PBXNativeTarget "HotDog" */;
			buildPhases = (
				A0EFC0992BC3EFF100AE5037 /* Sources */,
				A0EFC09A2BC3EFF100AE5037 /* Frameworks */,
				A0EFC09B2BC3EFF100AE5037 /* Resources */,
			);
			buildRules = (
			);
			dependencies = (
			);
			name = HotDog;
			productName = HotDog;
			productReference = A0EFC09D2BC3EFF100AE5037 /* HotDog.app */;
			productType = "com.apple.product-type.application";
		};
/* End PBXNativeTarget section */

/* Begin PBXProject section */
		A0EFC0952BC3EFF100AE5037 /* Project object */ = {
			isa = PBXProject;
			attributes = {
				BuildIndependentTargetsInParallel = 1;
				LastSwiftUpdateCheck = 1530;
				LastUpgradeCheck = 1530;
				TargetAttributes = {
					A0EFC09C2BC3EFF100AE5037 = {
						CreatedOnToolsVersion = 15.3;
					};
				};
			};
			buildConfigurationList = A0EFC0982BC3EFF100AE5037 /* Build configuration list for PBXProject "HotDog" */;
			compatibilityVersion = "Xcode 14.0";
			developmentRegion = en;
			hasScannedForEncodings = 0;
			knownRegions = (
				en,
				Base,
			);
			mainGroup = A0EFC0942BC3EFF100AE5037;
			productRefGroup = A0EFC09E2BC3EFF100AE5037 /* Products */;
			projectDirPath = "";
			projectRoot = "";
			targets = (
				A0EFC09C2BC3EFF100AE5037 /* HotDog */,
			);
		};
/* End PBXProject section */

/* Begin PBXResourcesBuildPhase section */
		A0EFC09B2BC3EFF100AE5037 /* Resources */ = {
			isa = PBXResourcesBuildPhase;
			buildActionMask = 2147483647;
			files = (
				A0EFC0D32BC5377800AE5037 /* test_hotdog2.jpg in Resources */,
				A0EFC0AA2BC3EFF200AE5037 /* Assets.xcassets in Resources */,
				A0EFC0AD2BC3EFF200AE5037 /* Base in Resources */,
				A0EFC0B52BC3F5C200AE5037 /* test_hotdog1.jpg in Resources */,
				A0EFC0D42BC5377800AE5037 /* test_hotdog3.jpg in Resources */,
				A0EFC0E42BC80D6B00AE5037 /* test_hotdog_and_nothotdog.jpg in Resources */,
				A0EFC0DA2BC6A4F300AE5037 /* test_pizza2.jpg in Resources */,
				A0EFC0CB2BC4276700AE5037 /* test_pizza1.jpg in Resources */,
				A0EFC0A82BC3EFF100AE5037 /* Base in Resources */,
			);
			runOnlyForDeploymentPostprocessing = 0;
		};
/* End PBXResourcesBuildPhase section */

/* Begin PBXSourcesBuildPhase section */
		A0EFC0992BC3EFF100AE5037 /* Sources */ = {
			isa = PBXSourcesBuildPhase;
			buildActionMask = 2147483647;
			files = (
				A0EFC0A52BC3EFF100AE5037 /* ViewController.swift in Sources */,
				A0EFC0C52BC40CA200AE5037 /* StrokedLabel.swift in Sources */,
				A0EFC0C12BC4007000AE5037 /* StoryboardViewController.swift in Sources */,
				A0EFC0A12BC3EFF100AE5037 /* AppDelegate.swift in Sources */,
				A0EFC0CD2BC4444900AE5037 /* HotdogDetector.mlpackage in Sources */,
				A0EFC0BF2BC3FFF200AE5037 /* Coordinator.swift in Sources */,
				A0EFC0D62BC691A900AE5037 /* Exp7.mlpackage in Sources */,
				A0EFC0D82BC691B500AE5037 /* Exp8.mlpackage in Sources */,
				A0EFC0D02BC5340300AE5037 /* DetectionFactory.swift in Sources */,
				A0EFC0BD2BC3FDC600AE5037 /* ImageViewController.swift in Sources */,
			);
			runOnlyForDeploymentPostprocessing = 0;
		};
/* End PBXSourcesBuildPhase section */

/* Begin PBXVariantGroup section */
		A0EFC0A62BC3EFF100AE5037 /* Main.storyboard */ = {
			isa = PBXVariantGroup;
			children = (
				A0EFC0A72BC3EFF100AE5037 /* Base */,
			);
			name = Main.storyboard;
			sourceTree = "<group>";
		};
		A0EFC0AB2BC3EFF200AE5037 /* LaunchScreen.storyboard */ = {
			isa = PBXVariantGroup;
			children = (
				A0EFC0AC2BC3EFF200AE5037 /* Base */,
			);
			name = LaunchScreen.storyboard;
			sourceTree = "<group>";
		};
/* End PBXVariantGroup section */

/* Begin XCBuildConfiguration section */
		A0EFC0AF2BC3EFF200AE5037 /* Debug */ = {
			isa = XCBuildConfiguration;
			buildSettings = {
				ALWAYS_SEARCH_USER_PATHS = NO;
				ASSETCATALOG_COMPILER_GENERATE_SWIFT_ASSET_SYMBOL_EXTENSIONS = YES;
				CLANG_ANALYZER_NONNULL = YES;
				CLANG_ANALYZER_NUMBER_OBJECT_CONVERSION = YES_AGGRESSIVE;
				CLANG_CXX_LANGUAGE_STANDARD = "gnu++20";
				CLANG_ENABLE_MODULES = YES;
				CLANG_ENABLE_OBJC_ARC = YES;
				CLANG_ENABLE_OBJC_WEAK = YES;
				CLANG_WARN_BLOCK_CAPTURE_AUTORELEASING = YES;
				CLANG_WARN_BOOL_CONVERSION = YES;
				CLANG_WARN_COMMA = YES;
				CLANG_WARN_CONSTANT_CONVERSION = YES;
				CLANG_WARN_DEPRECATED_OBJC_IMPLEMENTATIONS = YES;
				CLANG_WARN_DIRECT_OBJC_ISA_USAGE = YES_ERROR;
				CLANG_WARN_DOCUMENTATION_COMMENTS = YES;
				CLANG_WARN_EMPTY_BODY = YES;
				CLANG_WARN_ENUM_CONVERSION = YES;
				CLANG_WARN_INFINITE_RECURSION = YES;
				CLANG_WARN_INT_CONVERSION = YES;
				CLANG_WARN_NON_LITERAL_NULL_CONVERSION = YES;
				CLANG_WARN_OBJC_IMPLICIT_RETAIN_SELF = YES;
				CLANG_WARN_OBJC_LITERAL_CONVERSION = YES;
				CLANG_WARN_OBJC_ROOT_CLASS = YES_ERROR;
				CLANG_WARN_QUOTED_INCLUDE_IN_FRAMEWORK_HEADER = YES;
				CLANG_WARN_RANGE_LOOP_ANALYSIS = YES;
				CLANG_WARN_STRICT_PROTOTYPES = YES;
				CLANG_WARN_SUSPICIOUS_MOVE = YES;
				CLANG_WARN_UNGUARDED_AVAILABILITY = YES_AGGRESSIVE;
				CLANG_WARN_UNREACHABLE_CODE = YES;
				CLANG_WARN__DUPLICATE_METHOD_MATCH = YES;
				COPY_PHASE_STRIP = NO;
				DEBUG_INFORMATION_FORMAT = dwarf;
				ENABLE_STRICT_OBJC_MSGSEND = YES;
				ENABLE_TESTABILITY = YES;
				ENABLE_USER_SCRIPT_SANDBOXING = YES;
				GCC_C_LANGUAGE_STANDARD = gnu17;
				GCC_DYNAMIC_NO_PIC = NO;
				GCC_NO_COMMON_BLOCKS = YES;
				GCC_OPTIMIZATION_LEVEL = 0;
				GCC_PREPROCESSOR_DEFINITIONS = (
					"DEBUG=1",
					"$(inherited)",
				);
				GCC_WARN_64_TO_32_BIT_CONVERSION = YES;
				GCC_WARN_ABOUT_RETURN_TYPE = YES_ERROR;
				GCC_WARN_UNDECLARED_SELECTOR = YES;
				GCC_WARN_UNINITIALIZED_AUTOS = YES_AGGRESSIVE;
				GCC_WARN_UNUSED_FUNCTION = YES;
				GCC_WARN_UNUSED_VARIABLE = YES;
				IPHONEOS_DEPLOYMENT_TARGET = 17.0;
				LOCALIZATION_PREFERS_STRING_CATALOGS = YES;
				MTL_ENABLE_DEBUG_INFO = INCLUDE_SOURCE;
				MTL_FAST_MATH = YES;
				ONLY_ACTIVE_ARCH = YES;
				SDKROOT = iphoneos;
				SWIFT_ACTIVE_COMPILATION_CONDITIONS = "DEBUG $(inherited)";
				SWIFT_OPTIMIZATION_LEVEL = "-Onone";
			};
			name = Debug;
		};
		A0EFC0B02BC3EFF200AE5037 /* Release */ = {
			isa = XCBuildConfiguration;
			buildSettings = {
				ALWAYS_SEARCH_USER_PATHS = NO;
				ASSETCATALOG_COMPILER_GENERATE_SWIFT_ASSET_SYMBOL_EXTENSIONS = YES;
				CLANG_ANALYZER_NONNULL = YES;
				CLANG_ANALYZER_NUMBER_OBJECT_CONVERSION = YES_AGGRESSIVE;
				CLANG_CXX_LANGUAGE_STANDARD = "gnu++20";
				CLANG_ENABLE_MODULES = YES;
				CLANG_ENABLE_OBJC_ARC = YES;
				CLANG_ENABLE_OBJC_WEAK = YES;
				CLANG_WARN_BLOCK_CAPTURE_AUTORELEASING = YES;
				CLANG_WARN_BOOL_CONVERSION = YES;
				CLANG_WARN_COMMA = YES;
				CLANG_WARN_CONSTANT_CONVERSION = YES;
				CLANG_WARN_DEPRECATED_OBJC_IMPLEMENTATIONS = YES;
				CLANG_WARN_DIRECT_OBJC_ISA_USAGE = YES_ERROR;
				CLANG_WARN_DOCUMENTATION_COMMENTS = YES;
				CLANG_WARN_EMPTY_BODY = YES;
				CLANG_WARN_ENUM_CONVERSION = YES;
				CLANG_WARN_INFINITE_RECURSION = YES;
				CLANG_WARN_INT_CONVERSION = YES;
				CLANG_WARN_NON_LITERAL_NULL_CONVERSION = YES;
				CLANG_WARN_OBJC_IMPLICIT_RETAIN_SELF = YES;
				CLANG_WARN_OBJC_LITERAL_CONVERSION = YES;
				CLANG_WARN_OBJC_ROOT_CLASS = YES_ERROR;
				CLANG_WARN_QUOTED_INCLUDE_IN_FRAMEWORK_HEADER = YES;
				CLANG_WARN_RANGE_LOOP_ANALYSIS = YES;
				CLANG_WARN_STRICT_PROTOTYPES = YES;
				CLANG_WARN_SUSPICIOUS_MOVE = YES;
				CLANG_WARN_UNGUARDED_AVAILABILITY = YES_AGGRESSIVE;
				CLANG_WARN_UNREACHABLE_CODE = YES;
				CLANG_WARN__DUPLICATE_METHOD_MATCH = YES;
				COPY_PHASE_STRIP = NO;
				DEBUG_INFORMATION_FORMAT = "dwarf-with-dsym";
				ENABLE_NS_ASSERTIONS = NO;
				ENABLE_STRICT_OBJC_MSGSEND = YES;
				ENABLE_USER_SCRIPT_SANDBOXING = YES;
				GCC_C_LANGUAGE_STANDARD = gnu17;
				GCC_NO_COMMON_BLOCKS = YES;
				GCC_WARN_64_TO_32_BIT_CONVERSION = YES;
				GCC_WARN_ABOUT_RETURN_TYPE = YES_ERROR;
				GCC_WARN_UNDECLARED_SELECTOR = YES;
				GCC_WARN_UNINITIALIZED_AUTOS = YES_AGGRESSIVE;
				GCC_WARN_UNUSED_FUNCTION = YES;
				GCC_WARN_UNUSED_VARIABLE = YES;
				IPHONEOS_DEPLOYMENT_TARGET = 17.0;
				LOCALIZATION_PREFERS_STRING_CATALOGS = YES;
				MTL_ENABLE_DEBUG_INFO = NO;
				MTL_FAST_MATH = YES;
				SDKROOT = iphoneos;
				SWIFT_COMPILATION_MODE = wholemodule;
				VALIDATE_PRODUCT = YES;
			};
			name = Release;
		};
		A0EFC0B22BC3EFF200AE5037 /* Debug */ = {
			isa = XCBuildConfiguration;
			buildSettings = {
				ASSETCATALOG_COMPILER_APPICON_NAME = AppIcon;
				ASSETCATALOG_COMPILER_GLOBAL_ACCENT_COLOR_NAME = AccentColor;
				CODE_SIGN_STYLE = Automatic;
				CURRENT_PROJECT_VERSION = 1;
				DEVELOPMENT_TEAM = 7Q8B62WGB9;
				GENERATE_INFOPLIST_FILE = YES;
				INFOPLIST_FILE = HotDog/Info.plist;
				INFOPLIST_KEY_NSCameraUsageDescription = "To take pictures";
				INFOPLIST_KEY_UIApplicationSupportsIndirectInputEvents = YES;
				INFOPLIST_KEY_UILaunchStoryboardName = LaunchScreen;
				INFOPLIST_KEY_UIMainStoryboardFile = Main;
				INFOPLIST_KEY_UISupportedInterfaceOrientations_iPad = "UIInterfaceOrientationPortrait UIInterfaceOrientationPortraitUpsideDown UIInterfaceOrientationLandscapeLeft UIInterfaceOrientationLandscapeRight";
				INFOPLIST_KEY_UISupportedInterfaceOrientations_iPhone = "UIInterfaceOrientationPortrait UIInterfaceOrientationLandscapeLeft UIInterfaceOrientationLandscapeRight";
				IPHONEOS_DEPLOYMENT_TARGET = 17.0;
				LD_RUNPATH_SEARCH_PATHS = (
					"$(inherited)",
					"@executable_path/Frameworks",
				);
				MARKETING_VERSION = 1.0;
				PRODUCT_BUNDLE_IDENTIFIER = com.otaku.HotDog;
				PRODUCT_NAME = "$(TARGET_NAME)";
				SWIFT_EMIT_LOC_STRINGS = YES;
				SWIFT_VERSION = 5.0;
				TARGETED_DEVICE_FAMILY = "1,2";
			};
			name = Debug;
		};
		A0EFC0B32BC3EFF200AE5037 /* Release */ = {
			isa = XCBuildConfiguration;
			buildSettings = {
				ASSETCATALOG_COMPILER_APPICON_NAME = AppIcon;
				ASSETCATALOG_COMPILER_GLOBAL_ACCENT_COLOR_NAME = AccentColor;
				CODE_SIGN_STYLE = Automatic;
				CURRENT_PROJECT_VERSION = 1;
				DEVELOPMENT_TEAM = 7Q8B62WGB9;
				GENERATE_INFOPLIST_FILE = YES;
				INFOPLIST_FILE = HotDog/Info.plist;
				INFOPLIST_KEY_NSCameraUsageDescription = "To take pictures";
				INFOPLIST_KEY_UIApplicationSupportsIndirectInputEvents = YES;
				INFOPLIST_KEY_UILaunchStoryboardName = LaunchScreen;
				INFOPLIST_KEY_UIMainStoryboardFile = Main;
				INFOPLIST_KEY_UISupportedInterfaceOrientations_iPad = "UIInterfaceOrientationPortrait UIInterfaceOrientationPortraitUpsideDown UIInterfaceOrientationLandscapeLeft UIInterfaceOrientationLandscapeRight";
				INFOPLIST_KEY_UISupportedInterfaceOrientations_iPhone = "UIInterfaceOrientationPortrait UIInterfaceOrientationLandscapeLeft UIInterfaceOrientationLandscapeRight";
				IPHONEOS_DEPLOYMENT_TARGET = 17.0;
				LD_RUNPATH_SEARCH_PATHS = (
					"$(inherited)",
					"@executable_path/Frameworks",
				);
				MARKETING_VERSION = 1.0;
				PRODUCT_BUNDLE_IDENTIFIER = com.otaku.HotDog;
				PRODUCT_NAME = "$(TARGET_NAME)";
				SWIFT_EMIT_LOC_STRINGS = YES;
				SWIFT_VERSION = 5.0;
				TARGETED_DEVICE_FAMILY = "1,2";
			};
			name = Release;
		};
/* End XCBuildConfiguration section */

/* Begin XCConfigurationList section */
		A0EFC0982BC3EFF100AE5037 /* Build configuration list for PBXProject "HotDog" */ = {
			isa = XCConfigurationList;
			buildConfigurations = (
				A0EFC0AF2BC3EFF200AE5037 /* Debug */,
				A0EFC0B02BC3EFF200AE5037 /* Release */,
			);
			defaultConfigurationIsVisible = 0;
			defaultConfigurationName = Release;
		};
		A0EFC0B12BC3EFF200AE5037 /* Build configuration list for PBXNativeTarget "HotDog" */ = {
			isa = XCConfigurationList;
			buildConfigurations = (
				A0EFC0B22BC3EFF200AE5037 /* Debug */,
				A0EFC0B32BC3EFF200AE5037 /* Release */,
			);
			defaultConfigurationIsVisible = 0;
			defaultConfigurationName = Release;
		};
/* End XCConfigurationList section */
	};
	rootObject = A0EFC0952BC3EFF100AE5037 /* Project object */;
}
